
Microsoft Visual Studio Solution File, Format Version 12.00
# Visual Studio Version 16
VisualStudioVersion = 16.0.30413.136
MinimumVisualStudioVersion = 10.0.40219.1
Project("{FAE04EC0-301F-11D3-BF4B-00C04F79EFBC}") = "u-bluedos.Android", "u-bluedos\u-bluedos.Android\u-bluedos.Android.csproj", "{05058DC6-9B64-4D33-8604-0339ECC620D3}"
EndProject
Project("{FAE04EC0-301F-11D3-BF4B-00C04F79EFBC}") = "u-bluedos.iOS", "u-bluedos\u-bluedos.iOS\u-bluedos.iOS.csproj", "{5336BA2B-E24C-484C-9F8B-731334F5687B}"
EndProject
Project("{FAE04EC0-301F-11D3-BF4B-00C04F79EFBC}") = "u-bluedos", "u-bluedos\u-bluedos\u-bluedos.csproj", "{1A29BF28-B029-459E-B85C-F72DFA641B39}"
EndProject
Global
	GlobalSection(SolutionConfigurationPlatforms) = preSolution
		Debug|Any CPU = Debug|Any CPU
		Debug|iPhone = Debug|iPhone
		Debug|iPhoneSimulator = Debug|iPhoneSimulator
		Release|Any CPU = Release|Any CPU
		Release|iPhone = Release|iPhone
		Release|iPhoneSimulator = Release|iPhoneSimulator
	EndGlobalSection
	GlobalSection(ProjectConfigurationPlatforms) = postSolution
		{05058DC6-9B64-4D33-8604-0339ECC620D3}.Debug|Any CPU.ActiveCfg = Debug|Any CPU
		{05058DC6-9B64-4D33-8604-0339ECC620D3}.Debug|Any CPU.Build.0 = Debug|Any CPU
		{05058DC6-9B64-4D33-8604-0339ECC620D3}.Debug|Any CPU.Deploy.0 = Debug|Any CPU
		{05058DC6-9B64-4D33-8604-0339ECC620D3}.Debug|iPhone.ActiveCfg = Debug|Any CPU
		{05058DC6-9B64-4D33-8604-0339ECC620D3}.Debug|iPhone.Build.0 = Debug|Any CPU
		{05058DC6-9B64-4D33-8604-0339ECC620D3}.Debug|iPhone.Deploy.0 = Debug|Any CPU
		{05058DC6-9B64-4D33-8604-0339ECC620D3}.Debug|iPhoneSimulator.ActiveCfg = Debug|Any CPU
		{05058DC6-9B64-4D33-8604-0339ECC620D3}.Debug|iPhoneSimulator.Build.0 = Debug|Any CPU
		{05058DC6-9B64-4D33-8604-0339ECC620D3}.Debug|iPhoneSimulator.Deploy.0 = Debug|Any CPU
		{05058DC6-9B64-4D33-8604-0339ECC620D3}.Release|Any CPU.ActiveCfg = Release|Any CPU
		{05058DC6-9B64-4D33-8604-0339ECC620D3}.Release|Any CPU.Build.0 = Release|Any CPU
		{05058DC6-9B64-4D33-8604-0339ECC620D3}.Release|Any CPU.Deploy.0 = Release|Any CPU
		{05058DC6-9B64-4D33-8604-0339ECC620D3}.Release|iPhone.ActiveCfg = Release|Any CPU
		{05058DC6-9B64-4D33-8604-0339ECC620D3}.Release|iPhone.Build.0 = Release|Any CPU
		{05058DC6-9B64-4D33-8604-0339ECC620D3}.Release|iPhone.Deploy.0 = Release|Any CPU
		{05058DC6-9B64-4D33-8604-0339ECC620D3}.Release|iPhoneSimulator.ActiveCfg = Release|Any CPU
		{05058DC6-9B64-4D33-8604-0339ECC620D3}.Release|iPhoneSimulator.Build.0 = Release|Any CPU
		{05058DC6-9B64-4D33-8604-0339ECC620D3}.Release|iPhoneSimulator.Deploy.0 = Release|Any CPU
		{5336BA2B-E24C-484C-9F8B-731334F5687B}.Debug|Any CPU.ActiveCfg = Debug|iPhone
		{5336BA2B-E24C-484C-9F8B-731334F5687B}.Debug|Any CPU.Build.0 = Debug|iPhone
		{5336BA2B-E24C-484C-9F8B-731334F5687B}.Debug|Any CPU.Deploy.0 = Debug|iPhone
		{5336BA2B-E24C-484C-9F8B-731334F5687B}.Debug|iPhone.ActiveCfg = Debug|iPhone
		{5336BA2B-E24C-484C-9F8B-731334F5687B}.Debug|iPhone.Build.0 = Debug|iPhone
		{5336BA2B-E24C-484C-9F8B-731334F5687B}.Debug|iPhone.Deploy.0 = Debug|iPhone
		{5336BA2B-E24C-484C-9F8B-731334F5687B}.Debug|iPhoneSimulator.ActiveCfg = Debug|iPhoneSimulator
		{5336BA2B-E24C-484C-9F8B-731334F5687B}.Debug|iPhoneSimulator.Build.0 = Debug|iPhoneSimulator
		{5336BA2B-E24C-484C-9F8B-731334F5687B}.Debug|iPhoneSimulator.Deploy.0 = Debug|iPhoneSimulator
		{5336BA2B-E24C-484C-9F8B-731334F5687B}.Release|Any CPU.ActiveCfg = Release|iPhone
		{5336BA2B-E24C-484C-9F8B-731334F5687B}.Release|Any CPU.Build.0 = Release|iPhone
		{5336BA2B-E24C-484C-9F8B-731334F5687B}.Release|Any CPU.Deploy.0 = Release|iPhone
		{5336BA2B-E24C-484C-9F8B-731334F5687B}.Release|iPhone.ActiveCfg = Release|iPhone
		{5336BA2B-E24C-484C-9F8B-731334F5687B}.Release|iPhone.Build.0 = Release|iPhone
		{5336BA2B-E24C-484C-9F8B-731334F5687B}.Release|iPhone.Deploy.0 = Release|iPhone
		{5336BA2B-E24C-484C-9F8B-731334F5687B}.Release|iPhoneSimulator.ActiveCfg = Release|iPhoneSimulator
		{5336BA2B-E24C-484C-9F8B-731334F5687B}.Release|iPhoneSimulator.Build.0 = Release|iPhoneSimulator
		{5336BA2B-E24C-484C-9F8B-731334F5687B}.Release|iPhoneSimulator.Deploy.0 = Release|iPhoneSimulator
		{1A29BF28-B029-459E-B85C-F72DFA641B39}.Debug|Any CPU.ActiveCfg = Debug|Any CPU
		{1A29BF28-B029-459E-B85C-F72DFA641B39}.Debug|Any CPU.Build.0 = Debug|Any CPU
		{1A29BF28-B029-459E-B85C-F72DFA641B39}.Debug|Any CPU.Deploy.0 = Debug|Any CPU
		{1A29BF28-B029-459E-B85C-F72DFA641B39}.Debug|iPhone.ActiveCfg = Debug|Any CPU
		{1A29BF28-B029-459E-B85C-F72DFA641B39}.Debug|iPhone.Build.0 = Debug|Any CPU
		{1A29BF28-B029-459E-B85C-F72DFA641B39}.Debug|iPhone.Deploy.0 = Debug|Any CPU
		{1A29BF28-B029-459E-B85C-F72DFA641B39}.Debug|iPhoneSimulator.ActiveCfg = Debug|Any CPU
		{1A29BF28-B029-459E-B85C-F72DFA641B39}.Debug|iPhoneSimulator.Build.0 = Debug|Any CPU
		{1A29BF28-B029-459E-B85C-F72DFA641B39}.Debug|iPhoneSimulator.Deploy.0 = Debug|Any CPU
		{1A29BF28-B029-459E-B85C-F72DFA641B39}.Release|Any CPU.ActiveCfg = Release|Any CPU
		{1A29BF28-B029-459E-B85C-F72DFA641B39}.Release|Any CPU.Build.0 = Release|Any CPU
		{1A29BF28-B029-459E-B85C-F72DFA641B39}.Release|Any CPU.Deploy.0 = Release|Any CPU
		{1A29BF28-B029-459E-B85C-F72DFA641B39}.Release|iPhone.ActiveCfg = Release|Any CPU
		{1A29BF28-B029-459E-B85C-F72DFA641B39}.Release|iPhone.Build.0 = Release|Any CPU
		{1A29BF28-B029-459E-B85C-F72DFA641B39}.Release|iPhone.Deploy.0 = Release|Any CPU
		{1A29BF28-B029-459E-B85C-F72DFA641B39}.Release|iPhoneSimulator.ActiveCfg = Release|Any CPU
		{1A29BF28-B029-459E-B85C-F72DFA641B39}.Release|iPhoneSimulator.Build.0 = Release|Any CPU
		{1A29BF28-B029-459E-B85C-F72DFA641B39}.Release|iPhoneSimulator.Deploy.0 = Release|Any CPU
	EndGlobalSection
	GlobalSection(SolutionProperties) = preSolution
		HideSolutionNode = FALSE
	EndGlobalSection
	GlobalSection(ExtensibilityGlobals) = postSolution
		SolutionGuid = {95309E37-7229-409D-8088-903FFE8DED74}
	EndGlobalSection
EndGlobal
